
Microsoft Visual Studio Solution File, Format Version 12.00
# Visual Studio 15
VisualStudioVersion = 15.0.26124.0
MinimumVisualStudioVersion = 15.0.26124.0
Project("{FAE04EC0-301F-11D3-BF4B-00C04F79EFBC}") = "PaymentContext.Domain", "PaymentContext.Domain\PaymentContext.Domain.csproj", "{B45204E8-7364-418C-AF10-8AA7427A3C9A}"
EndProject
Project("{FAE04EC0-301F-11D3-BF4B-00C04F79EFBC}") = "PaymentContext.Shared", "PaymentContext.Shared\PaymentContext.Shared.csproj", "{17EB8AA7-0C27-4A32-BC6D-1663596483CF}"
EndProject
Project("{FAE04EC0-301F-11D3-BF4B-00C04F79EFBC}") = "PaymentContext.Tests", "PaymentContext.Tests\PaymentContext.Tests.csproj", "{5EEA1BCA-0895-4A6A-AA85-0194858A50D5}"
EndProject
Global
	GlobalSection(SolutionConfigurationPlatforms) = preSolution
		Debug|Any CPU = Debug|Any CPU
		Debug|x64 = Debug|x64
		Debug|x86 = Debug|x86
		Release|Any CPU = Release|Any CPU
		Release|x64 = Release|x64
		Release|x86 = Release|x86
	EndGlobalSection
	GlobalSection(SolutionProperties) = preSolution
		HideSolutionNode = FALSE
	EndGlobalSection
	GlobalSection(ProjectConfigurationPlatforms) = postSolution
		{B45204E8-7364-418C-AF10-8AA7427A3C9A}.Debug|Any CPU.ActiveCfg = Debug|Any CPU
		{B45204E8-7364-418C-AF10-8AA7427A3C9A}.Debug|Any CPU.Build.0 = Debug|Any CPU
		{B45204E8-7364-418C-AF10-8AA7427A3C9A}.Debug|x64.ActiveCfg = Debug|Any CPU
		{B45204E8-7364-418C-AF10-8AA7427A3C9A}.Debug|x64.Build.0 = Debug|Any CPU
		{B45204E8-7364-418C-AF10-8AA7427A3C9A}.Debug|x86.ActiveCfg = Debug|Any CPU
		{B45204E8-7364-418C-AF10-8AA7427A3C9A}.Debug|x86.Build.0 = Debug|Any CPU
		{B45204E8-7364-418C-AF10-8AA7427A3C9A}.Release|Any CPU.ActiveCfg = Release|Any CPU
		{B45204E8-7364-418C-AF10-8AA7427A3C9A}.Release|Any CPU.Build.0 = Release|Any CPU
		{B45204E8-7364-418C-AF10-8AA7427A3C9A}.Release|x64.ActiveCfg = Release|Any CPU
		{B45204E8-7364-418C-AF10-8AA7427A3C9A}.Release|x64.Build.0 = Release|Any CPU
		{B45204E8-7364-418C-AF10-8AA7427A3C9A}.Release|x86.ActiveCfg = Release|Any CPU
		{B45204E8-7364-418C-AF10-8AA7427A3C9A}.Release|x86.Build.0 = Release|Any CPU
		{17EB8AA7-0C27-4A32-BC6D-1663596483CF}.Debug|Any CPU.ActiveCfg = Debug|Any CPU
		{17EB8AA7-0C27-4A32-BC6D-1663596483CF}.Debug|Any CPU.Build.0 = Debug|Any CPU
		{17EB8AA7-0C27-4A32-BC6D-1663596483CF}.Debug|x64.ActiveCfg = Debug|Any CPU
		{17EB8AA7-0C27-4A32-BC6D-1663596483CF}.Debug|x64.Build.0 = Debug|Any CPU
		{17EB8AA7-0C27-4A32-BC6D-1663596483CF}.Debug|x86.ActiveCfg = Debug|Any CPU
		{17EB8AA7-0C27-4A32-BC6D-1663596483CF}.Debug|x86.Build.0 = Debug|Any CPU
		{17EB8AA7-0C27-4A32-BC6D-1663596483CF}.Release|Any CPU.ActiveCfg = Release|Any CPU
		{17EB8AA7-0C27-4A32-BC6D-1663596483CF}.Release|Any CPU.Build.0 = Release|Any CPU
		{17EB8AA7-0C27-4A32-BC6D-1663596483CF}.Release|x64.ActiveCfg = Release|Any CPU
		{17EB8AA7-0C27-4A32-BC6D-1663596483CF}.Release|x64.Build.0 = Release|Any CPU
		{17EB8AA7-0C27-4A32-BC6D-1663596483CF}.Release|x86.ActiveCfg = Release|Any CPU
		{17EB8AA7-0C27-4A32-BC6D-1663596483CF}.Release|x86.Build.0 = Release|Any CPU
		{5EEA1BCA-0895-4A6A-AA85-0194858A50D5}.Debug|Any CPU.ActiveCfg = Debug|Any CPU
		{5EEA1BCA-0895-4A6A-AA85-0194858A50D5}.Debug|Any CPU.Build.0 = Debug|Any CPU
		{5EEA1BCA-0895-4A6A-AA85-0194858A50D5}.Debug|x64.ActiveCfg = Debug|Any CPU
		{5EEA1BCA-0895-4A6A-AA85-0194858A50D5}.Debug|x64.Build.0 = Debug|Any CPU
		{5EEA1BCA-0895-4A6A-AA85-0194858A50D5}.Debug|x86.ActiveCfg = Debug|Any CPU
		{5EEA1BCA-0895-4A6A-AA85-0194858A50D5}.Debug|x86.Build.0 = Debug|Any CPU
		{5EEA1BCA-0895-4A6A-AA85-0194858A50D5}.Release|Any CPU.ActiveCfg = Release|Any CPU
		{5EEA1BCA-0895-4A6A-AA85-0194858A50D5}.Release|Any CPU.Build.0 = Release|Any CPU
		{5EEA1BCA-0895-4A6A-AA85-0194858A50D5}.Release|x64.ActiveCfg = Release|Any CPU
		{5EEA1BCA-0895-4A6A-AA85-0194858A50D5}.Release|x64.Build.0 = Release|Any CPU
		{5EEA1BCA-0895-4A6A-AA85-0194858A50D5}.Release|x86.ActiveCfg = Release|Any CPU
		{5EEA1BCA-0895-4A6A-AA85-0194858A50D5}.Release|x86.Build.0 = Release|Any CPU
	EndGlobalSection
EndGlobal
